
Microsoft Visual Studio Solution File, Format Version 12.00
# Visual Studio Version 16
VisualStudioVersion = 16.0.34931.43
MinimumVisualStudioVersion = 10.0.40219.1
Project("{FAE04EC0-301F-11D3-BF4B-00C04F79EFBC}") = "ConsoleApp17", "ConsoleApp17.csproj", "{EF94197C-4057-48F7-AA85-F1F788A8CB44}"
EndProject
Global
	GlobalSection(SolutionConfigurationPlatforms) = preSolution
		Debug|Any CPU = Debug|Any CPU
		Release|Any CPU = Release|Any CPU
	EndGlobalSection
	GlobalSection(ProjectConfigurationPlatforms) = postSolution
		{EF94197C-4057-48F7-AA85-F1F788A8CB44}.Debug|Any CPU.ActiveCfg = Debug|Any CPU
		{EF94197C-4057-48F7-AA85-F1F788A8CB44}.Debug|Any CPU.Build.0 = Debug|Any CPU
		{EF94197C-4057-48F7-AA85-F1F788A8CB44}.Release|Any CPU.ActiveCfg = Release|Any CPU
		{EF94197C-4057-48F7-AA85-F1F788A8CB44}.Release|Any CPU.Build.0 = Release|Any CPU
	EndGlobalSection
	GlobalSection(SolutionProperties) = preSolution
		HideSolutionNode = FALSE
	EndGlobalSection
	GlobalSection(ExtensibilityGlobals) = postSolution
		SolutionGuid = {BF52E008-BB77-414B-B491-25263242B1D1}
	EndGlobalSection
EndGlobal
